
Microsoft Visual Studio Solution File, Format Version 11.00
# Visual Studio 2010
Project("{FAE04EC0-301F-11D3-BF4B-00C04F79EFBC}") = "ConsoleTCPIP", "ConsoleTCPIP\ConsoleTCPIP.csproj", "{89D8C6C9-2042-44EA-90C7-39BE8200FC78}"
EndProject
Project("{FAE04EC0-301F-11D3-BF4B-00C04F79EFBC}") = "BonCodeAJP13", "BonCodeAJP13\BonCodeAJP13.csproj", "{EB3EBD2D-970E-479A-AFDA-1B12073BB80B}"
EndProject
Project("{FAE04EC0-301F-11D3-BF4B-00C04F79EFBC}") = "BonCodeIIS", "BonCodeIIS\BonCodeIIS.csproj", "{D934294F-A902-442A-8C49-12A635C39BA3}"
	ProjectSection(ProjectDependencies) = postProject
		{EB3EBD2D-970E-479A-AFDA-1B12073BB80B} = {EB3EBD2D-970E-479A-AFDA-1B12073BB80B}
	EndProjectSection
EndProject
Project("{2150E333-8FDC-42A3-9474-1A3956D46DE8}") = "Solution Items", "Solution Items", "{1E21E793-7EF0-4127-9458-A95E774815E2}"
	ProjectSection(SolutionItems) = preProject
		ConsoleTCPIP.vsmdi = ConsoleTCPIP.vsmdi
		Local.testsettings = Local.testsettings
		TraceAndTestImpact.testsettings = TraceAndTestImpact.testsettings
	EndProjectSection
EndProject
Global
	GlobalSection(TestCaseManagementSettings) = postSolution
		CategoryFile = ConsoleTCPIP.vsmdi
	EndGlobalSection
	GlobalSection(SolutionConfigurationPlatforms) = preSolution
		Debug|Any CPU = Debug|Any CPU
		Release|Any CPU = Release|Any CPU
	EndGlobalSection
	GlobalSection(ProjectConfigurationPlatforms) = postSolution
		{89D8C6C9-2042-44EA-90C7-39BE8200FC78}.Debug|Any CPU.ActiveCfg = Debug|Any CPU
		{89D8C6C9-2042-44EA-90C7-39BE8200FC78}.Debug|Any CPU.Build.0 = Debug|Any CPU
		{89D8C6C9-2042-44EA-90C7-39BE8200FC78}.Release|Any CPU.ActiveCfg = Release|Any CPU
		{89D8C6C9-2042-44EA-90C7-39BE8200FC78}.Release|Any CPU.Build.0 = Release|Any CPU
		{EB3EBD2D-970E-479A-AFDA-1B12073BB80B}.Debug|Any CPU.ActiveCfg = Debug|Any CPU
		{EB3EBD2D-970E-479A-AFDA-1B12073BB80B}.Debug|Any CPU.Build.0 = Debug|Any CPU
		{EB3EBD2D-970E-479A-AFDA-1B12073BB80B}.Release|Any CPU.ActiveCfg = Release|Any CPU
		{EB3EBD2D-970E-479A-AFDA-1B12073BB80B}.Release|Any CPU.Build.0 = Release|Any CPU
		{D934294F-A902-442A-8C49-12A635C39BA3}.Debug|Any CPU.ActiveCfg = Debug|Any CPU
		{D934294F-A902-442A-8C49-12A635C39BA3}.Debug|Any CPU.Build.0 = Debug|Any CPU
		{D934294F-A902-442A-8C49-12A635C39BA3}.Release|Any CPU.ActiveCfg = Release|Any CPU
		{D934294F-A902-442A-8C49-12A635C39BA3}.Release|Any CPU.Build.0 = Release|Any CPU
	EndGlobalSection
	GlobalSection(SolutionProperties) = preSolution
		HideSolutionNode = FALSE
	EndGlobalSection
EndGlobal
